
Microsoft Visual Studio Solution File, Format Version 12.00
# Visual Studio Version 17
VisualStudioVersion = 17.4.33403.182
MinimumVisualStudioVersion = 10.0.40219.1
Project("{9A19103F-16F7-4668-BE54-9A1E7A4F7556}") = "Chat", "Chat\Chat.csproj", "{1EA3FEEC-2773-4389-B4FD-4AF459B87580}"
EndProject
Global
	GlobalSection(SolutionConfigurationPlatforms) = preSolution
		Debug|Any CPU = Debug|Any CPU
		Release|Any CPU = Release|Any CPU
	EndGlobalSection
	GlobalSection(ProjectConfigurationPlatforms) = postSolution
		{1EA3FEEC-2773-4389-B4FD-4AF459B87580}.Debug|Any CPU.ActiveCfg = Debug|Any CPU
		{1EA3FEEC-2773-4389-B4FD-4AF459B87580}.Debug|Any CPU.Build.0 = Debug|Any CPU
		{1EA3FEEC-2773-4389-B4FD-4AF459B87580}.Release|Any CPU.ActiveCfg = Release|Any CPU
		{1EA3FEEC-2773-4389-B4FD-4AF459B87580}.Release|Any CPU.Build.0 = Release|Any CPU
	EndGlobalSection
	GlobalSection(SolutionProperties) = preSolution
		HideSolutionNode = FALSE
	EndGlobalSection
	GlobalSection(ExtensibilityGlobals) = postSolution
		SolutionGuid = {98C8304F-B5BC-410B-94B3-67DABAA54EA4}
	EndGlobalSection
EndGlobal
